
Microsoft Visual Studio Solution File, Format Version 12.00
# Visual Studio Version 17
VisualStudioVersion = 17.0.31903.59
MinimumVisualStudioVersion = 10.0.40219.1
Project("{2150E333-8FDC-42A3-9474-1A3956D46DE8}") = "src", "src", "{AECD2C46-8F3F-4B90-9B1C-A11D3F1EDEE5}"
EndProject
Project("{2150E333-8FDC-42A3-9474-1A3956D46DE8}") = "Core", "Core", "{1234A111-B5E6-4DE1-8E9D-F112FD7E95A1}"
EndProject
Project("{FAE04EC0-301F-11D3-BF4B-00C04F79EFBC}") = "Dashboard.Domain", "src\Core\Dashboard.Domain\Dashboard.Domain.csproj", "{1234B222-49D9-43F9-B130-3E5B9A21D8FA}"
EndProject
Project("{FAE04EC0-301F-11D3-BF4B-00C04F79EFBC}") = "Dashboard.Application", "src\Core\Dashboard.Application\Dashboard.Application.csproj", "{1234C333-DB47-4D69-88AC-A85D3C8CD3A8}"
EndProject
Project("{2150E333-8FDC-42A3-9474-1A3956D46DE8}") = "Infrastructure", "Infrastructure", "{1234D444-D121-4369-88AC-A85D5C8CD3A8}"
EndProject
Project("{FAE04EC0-301F-11D3-BF4B-00C04F79EFBC}") = "Dashboard.Infrastructure", "src\Infrastructure\Dashboard.Infrastructure\Dashboard.Infrastructure.csproj", "{1234E555-C8D8-4944-B234-DAC134D5AFA5}"
EndProject
Project("{2150E333-8FDC-42A3-9474-1A3956D46DE8}") = "Presentation", "Presentation", "{497CA392-CFF3-1657-3164-35A2DCD2922B}"
EndProject
Project("{FAE04EC0-301F-11D3-BF4B-00C04F79EFBC}") = "Dashboard.API", "src\Presentation\Dashboard.API\Dashboard.API.csproj", "{396BD254-780C-4FB3-99D9-CA1DFA47208F}"
EndProject
Project("{FAE04EC0-301F-11D3-BF4B-00C04F79EFBC}") = "Dashboard.Persistence", "src\Infrastructure\Dashboard.Persistence\Dashboard.Persistence.csproj", "{358F38B1-79B5-4DD1-8E4F-26DE2CE37464}"
EndProject
Global
	GlobalSection(SolutionConfigurationPlatforms) = preSolution
		Debug|Any CPU = Debug|Any CPU
		Debug|x64 = Debug|x64
		Debug|x86 = Debug|x86
		Release|Any CPU = Release|Any CPU
		Release|x64 = Release|x64
		Release|x86 = Release|x86
	EndGlobalSection
	GlobalSection(ProjectConfigurationPlatforms) = postSolution
		{1234B222-49D9-43F9-B130-3E5B9A21D8FA}.Debug|Any CPU.ActiveCfg = Debug|Any CPU
		{1234B222-49D9-43F9-B130-3E5B9A21D8FA}.Debug|Any CPU.Build.0 = Debug|Any CPU
		{1234B222-49D9-43F9-B130-3E5B9A21D8FA}.Debug|x64.ActiveCfg = Debug|Any CPU
		{1234B222-49D9-43F9-B130-3E5B9A21D8FA}.Debug|x64.Build.0 = Debug|Any CPU
		{1234B222-49D9-43F9-B130-3E5B9A21D8FA}.Debug|x86.ActiveCfg = Debug|Any CPU
		{1234B222-49D9-43F9-B130-3E5B9A21D8FA}.Debug|x86.Build.0 = Debug|Any CPU
		{1234B222-49D9-43F9-B130-3E5B9A21D8FA}.Release|Any CPU.ActiveCfg = Release|Any CPU
		{1234B222-49D9-43F9-B130-3E5B9A21D8FA}.Release|Any CPU.Build.0 = Release|Any CPU
		{1234B222-49D9-43F9-B130-3E5B9A21D8FA}.Release|x64.ActiveCfg = Release|Any CPU
		{1234B222-49D9-43F9-B130-3E5B9A21D8FA}.Release|x64.Build.0 = Release|Any CPU
		{1234B222-49D9-43F9-B130-3E5B9A21D8FA}.Release|x86.ActiveCfg = Release|Any CPU
		{1234B222-49D9-43F9-B130-3E5B9A21D8FA}.Release|x86.Build.0 = Release|Any CPU
		{1234C333-DB47-4D69-88AC-A85D3C8CD3A8}.Debug|Any CPU.ActiveCfg = Debug|Any CPU
		{1234C333-DB47-4D69-88AC-A85D3C8CD3A8}.Debug|Any CPU.Build.0 = Debug|Any CPU
		{1234C333-DB47-4D69-88AC-A85D3C8CD3A8}.Debug|x64.ActiveCfg = Debug|Any CPU
		{1234C333-DB47-4D69-88AC-A85D3C8CD3A8}.Debug|x64.Build.0 = Debug|Any CPU
		{1234C333-DB47-4D69-88AC-A85D3C8CD3A8}.Debug|x86.ActiveCfg = Debug|Any CPU
		{1234C333-DB47-4D69-88AC-A85D3C8CD3A8}.Debug|x86.Build.0 = Debug|Any CPU
		{1234C333-DB47-4D69-88AC-A85D3C8CD3A8}.Release|Any CPU.ActiveCfg = Release|Any CPU
		{1234C333-DB47-4D69-88AC-A85D3C8CD3A8}.Release|Any CPU.Build.0 = Release|Any CPU
		{1234C333-DB47-4D69-88AC-A85D3C8CD3A8}.Release|x64.ActiveCfg = Release|Any CPU
		{1234C333-DB47-4D69-88AC-A85D3C8CD3A8}.Release|x64.Build.0 = Release|Any CPU
		{1234C333-DB47-4D69-88AC-A85D3C8CD3A8}.Release|x86.ActiveCfg = Release|Any CPU
		{1234C333-DB47-4D69-88AC-A85D3C8CD3A8}.Release|x86.Build.0 = Release|Any CPU
		{1234E555-C8D8-4944-B234-DAC134D5AFA5}.Debug|Any CPU.ActiveCfg = Debug|Any CPU
		{1234E555-C8D8-4944-B234-DAC134D5AFA5}.Debug|Any CPU.Build.0 = Debug|Any CPU
		{1234E555-C8D8-4944-B234-DAC134D5AFA5}.Debug|x64.ActiveCfg = Debug|Any CPU
		{1234E555-C8D8-4944-B234-DAC134D5AFA5}.Debug|x64.Build.0 = Debug|Any CPU
		{1234E555-C8D8-4944-B234-DAC134D5AFA5}.Debug|x86.ActiveCfg = Debug|Any CPU
		{1234E555-C8D8-4944-B234-DAC134D5AFA5}.Debug|x86.Build.0 = Debug|Any CPU
		{1234E555-C8D8-4944-B234-DAC134D5AFA5}.Release|Any CPU.ActiveCfg = Release|Any CPU
		{1234E555-C8D8-4944-B234-DAC134D5AFA5}.Release|Any CPU.Build.0 = Release|Any CPU
		{1234E555-C8D8-4944-B234-DAC134D5AFA5}.Release|x64.ActiveCfg = Release|Any CPU
		{1234E555-C8D8-4944-B234-DAC134D5AFA5}.Release|x64.Build.0 = Release|Any CPU
		{1234E555-C8D8-4944-B234-DAC134D5AFA5}.Release|x86.ActiveCfg = Release|Any CPU
		{1234E555-C8D8-4944-B234-DAC134D5AFA5}.Release|x86.Build.0 = Release|Any CPU
		{396BD254-780C-4FB3-99D9-CA1DFA47208F}.Debug|Any CPU.ActiveCfg = Debug|Any CPU
		{396BD254-780C-4FB3-99D9-CA1DFA47208F}.Debug|Any CPU.Build.0 = Debug|Any CPU
		{396BD254-780C-4FB3-99D9-CA1DFA47208F}.Debug|x64.ActiveCfg = Debug|Any CPU
		{396BD254-780C-4FB3-99D9-CA1DFA47208F}.Debug|x64.Build.0 = Debug|Any CPU
		{396BD254-780C-4FB3-99D9-CA1DFA47208F}.Debug|x86.ActiveCfg = Debug|Any CPU
		{396BD254-780C-4FB3-99D9-CA1DFA47208F}.Debug|x86.Build.0 = Debug|Any CPU
		{396BD254-780C-4FB3-99D9-CA1DFA47208F}.Release|Any CPU.ActiveCfg = Release|Any CPU
		{396BD254-780C-4FB3-99D9-CA1DFA47208F}.Release|Any CPU.Build.0 = Release|Any CPU
		{396BD254-780C-4FB3-99D9-CA1DFA47208F}.Release|x64.ActiveCfg = Release|Any CPU
		{396BD254-780C-4FB3-99D9-CA1DFA47208F}.Release|x64.Build.0 = Release|Any CPU
		{396BD254-780C-4FB3-99D9-CA1DFA47208F}.Release|x86.ActiveCfg = Release|Any CPU
		{396BD254-780C-4FB3-99D9-CA1DFA47208F}.Release|x86.Build.0 = Release|Any CPU
		{358F38B1-79B5-4DD1-8E4F-26DE2CE37464}.Debug|Any CPU.ActiveCfg = Debug|Any CPU
		{358F38B1-79B5-4DD1-8E4F-26DE2CE37464}.Debug|Any CPU.Build.0 = Debug|Any CPU
		{358F38B1-79B5-4DD1-8E4F-26DE2CE37464}.Debug|x64.ActiveCfg = Debug|Any CPU
		{358F38B1-79B5-4DD1-8E4F-26DE2CE37464}.Debug|x64.Build.0 = Debug|Any CPU
		{358F38B1-79B5-4DD1-8E4F-26DE2CE37464}.Debug|x86.ActiveCfg = Debug|Any CPU
		{358F38B1-79B5-4DD1-8E4F-26DE2CE37464}.Debug|x86.Build.0 = Debug|Any CPU
		{358F38B1-79B5-4DD1-8E4F-26DE2CE37464}.Release|Any CPU.ActiveCfg = Release|Any CPU
		{358F38B1-79B5-4DD1-8E4F-26DE2CE37464}.Release|Any CPU.Build.0 = Release|Any CPU
		{358F38B1-79B5-4DD1-8E4F-26DE2CE37464}.Release|x64.ActiveCfg = Release|Any CPU
		{358F38B1-79B5-4DD1-8E4F-26DE2CE37464}.Release|x64.Build.0 = Release|Any CPU
		{358F38B1-79B5-4DD1-8E4F-26DE2CE37464}.Release|x86.ActiveCfg = Release|Any CPU
		{358F38B1-79B5-4DD1-8E4F-26DE2CE37464}.Release|x86.Build.0 = Release|Any CPU
	EndGlobalSection
	GlobalSection(SolutionProperties) = preSolution
		HideSolutionNode = FALSE
	EndGlobalSection
	GlobalSection(NestedProjects) = preSolution
		{1234A111-B5E6-4DE1-8E9D-F112FD7E95A1} = {AECD2C46-8F3F-4B90-9B1C-A11D3F1EDEE5}
		{1234B222-49D9-43F9-B130-3E5B9A21D8FA} = {1234A111-B5E6-4DE1-8E9D-F112FD7E95A1}
		{1234C333-DB47-4D69-88AC-A85D3C8CD3A8} = {1234A111-B5E6-4DE1-8E9D-F112FD7E95A1}
		{1234D444-D121-4369-88AC-A85D5C8CD3A8} = {AECD2C46-8F3F-4B90-9B1C-A11D3F1EDEE5}
		{1234E555-C8D8-4944-B234-DAC134D5AFA5} = {1234D444-D121-4369-88AC-A85D5C8CD3A8}
		{497CA392-CFF3-1657-3164-35A2DCD2922B} = {AECD2C46-8F3F-4B90-9B1C-A11D3F1EDEE5}
		{396BD254-780C-4FB3-99D9-CA1DFA47208F} = {497CA392-CFF3-1657-3164-35A2DCD2922B}
		{358F38B1-79B5-4DD1-8E4F-26DE2CE37464} = {1234D444-D121-4369-88AC-A85D5C8CD3A8}
	EndGlobalSection
EndGlobal
